
Microsoft Visual Studio Solution File, Format Version 12.00
# Visual Studio 15
VisualStudioVersion = 15.0.26730.15
MinimumVisualStudioVersion = 10.0.40219.1
Project("{FAE04EC0-301F-11D3-BF4B-00C04F79EFBC}") = "FrontEnd", "FrontEnd\FrontEnd.csproj", "{92F7A38E-3A51-4FB3-95FC-D77A5DF43DA9}"
EndProject
Project("{FAE04EC0-301F-11D3-BF4B-00C04F79EFBC}") = "Model", "Data\Model.csproj", "{2547A68B-84FA-4DD7-9172-10898D993223}"
EndProject
Project("{FAE04EC0-301F-11D3-BF4B-00C04F79EFBC}") = "Business", "Business\Business.csproj", "{BD185E34-A29B-4DB1-852B-C1C92D99EB7C}"
EndProject
Project("{FAE04EC0-301F-11D3-BF4B-00C04F79EFBC}") = "Tests", "Tests\Tests.csproj", "{8C99123A-FAF4-41B8-9035-75D2515A8D33}"
EndProject
Project("{FAE04EC0-301F-11D3-BF4B-00C04F79EFBC}") = "Base", "Base\Base.csproj", "{CDF1C58E-17F8-4B03-B63D-FBA929C03D85}"
EndProject
Global
	GlobalSection(SolutionConfigurationPlatforms) = preSolution
		Debug|Any CPU = Debug|Any CPU
		Release|Any CPU = Release|Any CPU
	EndGlobalSection
	GlobalSection(ProjectConfigurationPlatforms) = postSolution
		{92F7A38E-3A51-4FB3-95FC-D77A5DF43DA9}.Debug|Any CPU.ActiveCfg = Debug|Any CPU
		{92F7A38E-3A51-4FB3-95FC-D77A5DF43DA9}.Debug|Any CPU.Build.0 = Debug|Any CPU
		{92F7A38E-3A51-4FB3-95FC-D77A5DF43DA9}.Release|Any CPU.ActiveCfg = Release|Any CPU
		{92F7A38E-3A51-4FB3-95FC-D77A5DF43DA9}.Release|Any CPU.Build.0 = Release|Any CPU
		{2547A68B-84FA-4DD7-9172-10898D993223}.Debug|Any CPU.ActiveCfg = Debug|Any CPU
		{2547A68B-84FA-4DD7-9172-10898D993223}.Debug|Any CPU.Build.0 = Debug|Any CPU
		{2547A68B-84FA-4DD7-9172-10898D993223}.Release|Any CPU.ActiveCfg = Release|Any CPU
		{2547A68B-84FA-4DD7-9172-10898D993223}.Release|Any CPU.Build.0 = Release|Any CPU
		{BD185E34-A29B-4DB1-852B-C1C92D99EB7C}.Debug|Any CPU.ActiveCfg = Debug|Any CPU
		{BD185E34-A29B-4DB1-852B-C1C92D99EB7C}.Debug|Any CPU.Build.0 = Debug|Any CPU
		{BD185E34-A29B-4DB1-852B-C1C92D99EB7C}.Release|Any CPU.ActiveCfg = Release|Any CPU
		{BD185E34-A29B-4DB1-852B-C1C92D99EB7C}.Release|Any CPU.Build.0 = Release|Any CPU
		{8C99123A-FAF4-41B8-9035-75D2515A8D33}.Debug|Any CPU.ActiveCfg = Debug|Any CPU
		{8C99123A-FAF4-41B8-9035-75D2515A8D33}.Debug|Any CPU.Build.0 = Debug|Any CPU
		{8C99123A-FAF4-41B8-9035-75D2515A8D33}.Release|Any CPU.ActiveCfg = Release|Any CPU
		{8C99123A-FAF4-41B8-9035-75D2515A8D33}.Release|Any CPU.Build.0 = Release|Any CPU
		{CDF1C58E-17F8-4B03-B63D-FBA929C03D85}.Debug|Any CPU.ActiveCfg = Debug|Any CPU
		{CDF1C58E-17F8-4B03-B63D-FBA929C03D85}.Debug|Any CPU.Build.0 = Debug|Any CPU
		{CDF1C58E-17F8-4B03-B63D-FBA929C03D85}.Release|Any CPU.ActiveCfg = Release|Any CPU
		{CDF1C58E-17F8-4B03-B63D-FBA929C03D85}.Release|Any CPU.Build.0 = Release|Any CPU
	EndGlobalSection
	GlobalSection(SolutionProperties) = preSolution
		HideSolutionNode = FALSE
	EndGlobalSection
	GlobalSection(ExtensibilityGlobals) = postSolution
		SolutionGuid = {000E864E-F0CF-49B2-BCCC-0FA438E47B74}
	EndGlobalSection
EndGlobal
